lockfileVersion: '9.0'

settings:
  autoInstallPeers: true
  excludeLinksFromLockfile: false

importers:

  .:
    dependencies:
      dotenv:
        specifier: 16.4.5
        version: 16.4.5
    devDependencies:
      '@playwright/browser-chromium':
        specifier: 1.46.1
        version: 1.46.1
      '@types/node':
        specifier: 22.5.4
        version: 22.5.4
      playwright:
        specifier: 1.46.1
        version: 1.46.1

packages:

  '@playwright/browser-chromium@1.46.1':
    resolution: {integrity: sha512-KF+I9NRC00OU07n7iUruEfcCBIEtXGZPkhiWpnmxE/MbyXjveQlcOQBViv/a1DUXDa3ccK2Jcbqa6YMSV/pYVQ==}
    engines: {node: '>=18'}

  '@types/node@22.5.4':
    resolution: {integrity: sha512-FDuKUJQm/ju9fT/SeX/6+gBzoPzlVCzfzmGkwKvRHQVxi4BntVbyIwf6a4Xn62mrvndLiml6z/UBXIdEVjQLXg==}

  dotenv@16.4.5:
    resolution: {integrity: sha512-ZmdL2rui+eB2YwhsWzjInR8LldtZHGDoQ1ugH85ppHKwpUHL7j7rN0Ti9NCnGiQbhaZ11FpR+7ao1dNsmduNUg==}
    engines: {node: '>=12'}

  fsevents@2.3.2:
    resolution: {integrity: sha512-xiqMQR4xAeHTuB9uWm+fFRcIOgKBMiOBP+eXiyT7jsgVCq1bkVygt00oASowB7EdtpOHaaPgKt812P9ab+DDKA==}
    engines: {node: ^8.16.0 || ^10.6.0 || >=11.0.0}
    os: [darwin]

  playwright-core@1.46.1:
    resolution: {integrity: sha512-h9LqIQaAv+CYvWzsZ+h3RsrqCStkBHlgo6/TJlFst3cOTlLghBQlJwPOZKQJTKNaD3QIB7aAVQ+gfWbN3NXB7A==}
    engines: {node: '>=18'}
    hasBin: true

  playwright@1.46.1:
    resolution: {integrity: sha512-oPcr1yqoXLCkgKtD5eNUPLiN40rYEM39odNpIb6VE6S7/15gJmA1NzVv6zJYusV0e7tzvkU/utBFNa/Kpxmwng==}
    engines: {node: '>=18'}
    hasBin: true

  undici-types@6.19.8:
    resolution: {integrity: sha512-ve2KP6f/JnbPBFyobGHuerC9g1FYGn/F8n1LWTwNxCEzd6IfqTwUQcNXgEtmmQ6DlRrC1hrSrBnCZPokRrDHjw==}

snapshots:

  '@playwright/browser-chromium@1.46.1':
    dependencies:
      playwright-core: 1.46.1

  '@types/node@22.5.4':
    dependencies:
      undici-types: 6.19.8

  dotenv@16.4.5: {}

  fsevents@2.3.2:
    optional: true

  playwright-core@1.46.1: {}

  playwright@1.46.1:
    dependencies:
      playwright-core: 1.46.1
    optionalDependencies:
      fsevents: 2.3.2

  undici-types@6.19.8: {}
